
Microsoft Visual Studio Solution File, Format Version 12.00
# Visual Studio Version 17
VisualStudioVersion = 17.9.34902.65
MinimumVisualStudioVersion = 10.0.40219.1
Project("{9A19103F-16F7-4668-BE54-9A1E7A4F7556}") = "Ovning1", "Ovning1.csproj", "{19AD1081-3213-4961-8908-4064BD318372}"
EndProject
Global
	GlobalSection(SolutionConfigurationPlatforms) = preSolution
		Debug|Any CPU = Debug|Any CPU
		Release|Any CPU = Release|Any CPU
	EndGlobalSection
	GlobalSection(ProjectConfigurationPlatforms) = postSolution
		{19AD1081-3213-4961-8908-4064BD318372}.Debug|Any CPU.ActiveCfg = Debug|Any CPU
		{19AD1081-3213-4961-8908-4064BD318372}.Debug|Any CPU.Build.0 = Debug|Any CPU
		{19AD1081-3213-4961-8908-4064BD318372}.Release|Any CPU.ActiveCfg = Release|Any CPU
		{19AD1081-3213-4961-8908-4064BD318372}.Release|Any CPU.Build.0 = Release|Any CPU
	EndGlobalSection
	GlobalSection(SolutionProperties) = preSolution
		HideSolutionNode = FALSE
	EndGlobalSection
	GlobalSection(ExtensibilityGlobals) = postSolution
		SolutionGuid = {F9955495-7923-4827-9DB0-86D31CC2DDEC}
	EndGlobalSection
EndGlobal
